
Microsoft Visual Studio Solution File, Format Version 12.00
# Visual Studio Version 16
VisualStudioVersion = 25.0.1706.8
MinimumVisualStudioVersion = 10.0.40219.1
Project("{FAE04EC0-301F-11D3-BF4B-00C04F79EFBC}") = "taskRace", "taskRace\taskRace.csproj", "{3A5FCAFB-D911-463C-9389-24F32742CFFD}"
EndProject
Global
	GlobalSection(SolutionConfigurationPlatforms) = preSolution
		Debug|Any CPU = Debug|Any CPU
		Release|Any CPU = Release|Any CPU
	EndGlobalSection
	GlobalSection(ProjectConfigurationPlatforms) = postSolution
		{3A5FCAFB-D911-463C-9389-24F32742CFFD}.Debug|Any CPU.ActiveCfg = Debug|Any CPU
		{3A5FCAFB-D911-463C-9389-24F32742CFFD}.Debug|Any CPU.Build.0 = Debug|Any CPU
		{3A5FCAFB-D911-463C-9389-24F32742CFFD}.Release|Any CPU.ActiveCfg = Release|Any CPU
		{3A5FCAFB-D911-463C-9389-24F32742CFFD}.Release|Any CPU.Build.0 = Release|Any CPU
	EndGlobalSection
	GlobalSection(SolutionProperties) = preSolution
		HideSolutionNode = FALSE
	EndGlobalSection
	GlobalSection(ExtensibilityGlobals) = postSolution
		SolutionGuid = {7D0D77BE-7276-4F18-89AF-F07B05045F1D}
	EndGlobalSection
EndGlobal
